
Microsoft Visual Studio Solution File, Format Version 12.00
# Visual Studio Version 17
VisualStudioVersion = 17.9.34728.123
MinimumVisualStudioVersion = 10.0.40219.1
Project("{888888A0-9F3D-457C-B088-3A5042F75D52}") = "Gamba", "Gamba.pyproj", "{AD3FF03F-5D33-471A-B953-231C0254A960}"
EndProject
Global
	GlobalSection(SolutionConfigurationPlatforms) = preSolution
		Debug|Any CPU = Debug|Any CPU
		Release|Any CPU = Release|Any CPU
	EndGlobalSection
	GlobalSection(ProjectConfigurationPlatforms) = postSolution
		{AD3FF03F-5D33-471A-B953-231C0254A960}.Debug|Any CPU.ActiveCfg = Debug|Any CPU
		{AD3FF03F-5D33-471A-B953-231C0254A960}.Release|Any CPU.ActiveCfg = Release|Any CPU
	EndGlobalSection
	GlobalSection(SolutionProperties) = preSolution
		HideSolutionNode = FALSE
	EndGlobalSection
	GlobalSection(ExtensibilityGlobals) = postSolution
		SolutionGuid = {E3BC1FCA-0AF1-4AA8-805D-666BDB990C63}
	EndGlobalSection
EndGlobal
